
Microsoft Visual Studio Solution File, Format Version 12.00
# Visual Studio Version 17
VisualStudioVersion = 17.2.32505.173
MinimumVisualStudioVersion = 10.0.40219.1
Project("{9A19103F-16F7-4668-BE54-9A1E7A4F7556}") = "CRUDOPS", "CRUDOPS\CRUDOPS.csproj", "{E842B0F5-DDCD-4821-9330-EF20CC04FE2E}"
EndProject
Project("{FAE04EC0-301F-11D3-BF4B-00C04F79EFBC}") = "ConsumeApis", "ConsumeApis\ConsumeApis.csproj", "{36A0AF1A-2733-46D4-B97A-4809F6877552}"
EndProject
Global
	GlobalSection(SolutionConfigurationPlatforms) = preSolution
		Debug|Any CPU = Debug|Any CPU
		Release|Any CPU = Release|Any CPU
	EndGlobalSection
	GlobalSection(ProjectConfigurationPlatforms) = postSolution
		{E842B0F5-DDCD-4821-9330-EF20CC04FE2E}.Debug|Any CPU.ActiveCfg = Debug|Any CPU
		{E842B0F5-DDCD-4821-9330-EF20CC04FE2E}.Debug|Any CPU.Build.0 = Debug|Any CPU
		{E842B0F5-DDCD-4821-9330-EF20CC04FE2E}.Release|Any CPU.ActiveCfg = Release|Any CPU
		{E842B0F5-DDCD-4821-9330-EF20CC04FE2E}.Release|Any CPU.Build.0 = Release|Any CPU
		{36A0AF1A-2733-46D4-B97A-4809F6877552}.Debug|Any CPU.ActiveCfg = Debug|Any CPU
		{36A0AF1A-2733-46D4-B97A-4809F6877552}.Debug|Any CPU.Build.0 = Debug|Any CPU
		{36A0AF1A-2733-46D4-B97A-4809F6877552}.Release|Any CPU.ActiveCfg = Release|Any CPU
		{36A0AF1A-2733-46D4-B97A-4809F6877552}.Release|Any CPU.Build.0 = Release|Any CPU
	EndGlobalSection
	GlobalSection(SolutionProperties) = preSolution
		HideSolutionNode = FALSE
	EndGlobalSection
	GlobalSection(ExtensibilityGlobals) = postSolution
		SolutionGuid = {CABB042C-AEB7-47D9-89FD-0E3D6994A832}
	EndGlobalSection
EndGlobal
